
Microsoft Visual Studio Solution File, Format Version 12.00
# Visual Studio Version 17
VisualStudioVersion = 17.7.34031.279
MinimumVisualStudioVersion = 10.0.40219.1
Project("{FAE04EC0-301F-11D3-BF4B-00C04F79EFBC}") = "StandardizedQR", "StandardizedQR.csproj", "{74E3DFCD-B97B-4583-ABDA-EA0873F5BB93}"
EndProject
Project("{FAE04EC0-301F-11D3-BF4B-00C04F79EFBC}") = "WebQR", "..\WebQR\WebQR.csproj", "{03EA18CA-1C71-42C3-9E4F-43799E321FFC}"
EndProject
Global
	GlobalSection(SolutionConfigurationPlatforms) = preSolution
		Debug|Any CPU = Debug|Any CPU
		Release|Any CPU = Release|Any CPU
	EndGlobalSection
	GlobalSection(ProjectConfigurationPlatforms) = postSolution
		{74E3DFCD-B97B-4583-ABDA-EA0873F5BB93}.Debug|Any CPU.ActiveCfg = Debug|Any CPU
		{74E3DFCD-B97B-4583-ABDA-EA0873F5BB93}.Debug|Any CPU.Build.0 = Debug|Any CPU
		{74E3DFCD-B97B-4583-ABDA-EA0873F5BB93}.Release|Any CPU.ActiveCfg = Release|Any CPU
		{74E3DFCD-B97B-4583-ABDA-EA0873F5BB93}.Release|Any CPU.Build.0 = Release|Any CPU
		{03EA18CA-1C71-42C3-9E4F-43799E321FFC}.Debug|Any CPU.ActiveCfg = Debug|Any CPU
		{03EA18CA-1C71-42C3-9E4F-43799E321FFC}.Debug|Any CPU.Build.0 = Debug|Any CPU
		{03EA18CA-1C71-42C3-9E4F-43799E321FFC}.Release|Any CPU.ActiveCfg = Release|Any CPU
		{03EA18CA-1C71-42C3-9E4F-43799E321FFC}.Release|Any CPU.Build.0 = Release|Any CPU
	EndGlobalSection
	GlobalSection(SolutionProperties) = preSolution
		HideSolutionNode = FALSE
	EndGlobalSection
	GlobalSection(ExtensibilityGlobals) = postSolution
		SolutionGuid = {7107D18A-EDB5-4F72-B20E-B14C404B701D}
	EndGlobalSection
EndGlobal
